
Microsoft Visual Studio Solution File, Format Version 12.00
# Visual Studio Version 16
VisualStudioVersion = 16.0.30523.141
MinimumVisualStudioVersion = 10.0.40219.1
Project("{FAE04EC0-301F-11D3-BF4B-00C04F79EFBC}") = "MyFirstApp", "MyFirstApp.csproj", "{160CBADD-699C-42AF-BE68-75E18AD786E1}"
EndProject
Global
	GlobalSection(SolutionConfigurationPlatforms) = preSolution
		Debug|Any CPU = Debug|Any CPU
		Release|Any CPU = Release|Any CPU
	EndGlobalSection
	GlobalSection(ProjectConfigurationPlatforms) = postSolution
		{160CBADD-699C-42AF-BE68-75E18AD786E1}.Debug|Any CPU.ActiveCfg = Debug|Any CPU
		{160CBADD-699C-42AF-BE68-75E18AD786E1}.Debug|Any CPU.Build.0 = Debug|Any CPU
		{160CBADD-699C-42AF-BE68-75E18AD786E1}.Release|Any CPU.ActiveCfg = Release|Any CPU
		{160CBADD-699C-42AF-BE68-75E18AD786E1}.Release|Any CPU.Build.0 = Release|Any CPU
	EndGlobalSection
	GlobalSection(SolutionProperties) = preSolution
		HideSolutionNode = FALSE
	EndGlobalSection
	GlobalSection(ExtensibilityGlobals) = postSolution
		SolutionGuid = {450BDA69-FB04-41AF-B324-10D22905AD27}
	EndGlobalSection
EndGlobal
